
Microsoft Visual Studio Solution File, Format Version 12.00
# Visual Studio Version 17
VisualStudioVersion = 17.6.33829.357
MinimumVisualStudioVersion = 10.0.40219.1
Project("{9A19103F-16F7-4668-BE54-9A1E7A4F7556}") = "BooklistRazor", "BooklistRazor\BooklistRazor.csproj", "{8631247C-C47C-40E8-B36A-47354B584252}"
EndProject
Global
	GlobalSection(SolutionConfigurationPlatforms) = preSolution
		Debug|Any CPU = Debug|Any CPU
		Release|Any CPU = Release|Any CPU
	EndGlobalSection
	GlobalSection(ProjectConfigurationPlatforms) = postSolution
		{8631247C-C47C-40E8-B36A-47354B584252}.Debug|Any CPU.ActiveCfg = Debug|Any CPU
		{8631247C-C47C-40E8-B36A-47354B584252}.Debug|Any CPU.Build.0 = Debug|Any CPU
		{8631247C-C47C-40E8-B36A-47354B584252}.Release|Any CPU.ActiveCfg = Release|Any CPU
		{8631247C-C47C-40E8-B36A-47354B584252}.Release|Any CPU.Build.0 = Release|Any CPU
	EndGlobalSection
	GlobalSection(SolutionProperties) = preSolution
		HideSolutionNode = FALSE
	EndGlobalSection
	GlobalSection(ExtensibilityGlobals) = postSolution
		SolutionGuid = {C751629B-55B0-458D-9EE4-856095C40C23}
	EndGlobalSection
EndGlobal
